Microsoft Visual Studio Solution File, Format Version 12.00
# Visual Studio Version 17
VisualStudioVersion = 17.5.2.0
MinimumVisualStudioVersion = 10.0.40219.1
Project("{FAE04EC0-301F-11D3-BF4B-00C04F79EFBC}") = "CreativForge", "CreativForge.csproj", "{73FCB4A8-3342-B79B-D0B6-87B38FA6BC74}"
EndProject
Global
	GlobalSection(SolutionConfigurationPlatforms) = preSolution
		Debug|Any CPU = Debug|Any CPU
		Release|Any CPU = Release|Any CPU
	EndGlobalSection
	GlobalSection(ProjectConfigurationPlatforms) = postSolution
		{73FCB4A8-3342-B79B-D0B6-87B38FA6BC74}.Debug|Any CPU.ActiveCfg = Debug|Any CPU
		{73FCB4A8-3342-B79B-D0B6-87B38FA6BC74}.Debug|Any CPU.Build.0 = Debug|Any CPU
		{73FCB4A8-3342-B79B-D0B6-87B38FA6BC74}.Release|Any CPU.ActiveCfg = Release|Any CPU
		{73FCB4A8-3342-B79B-D0B6-87B38FA6BC74}.Release|Any CPU.Build.0 = Release|Any CPU
	EndGlobalSection
	GlobalSection(SolutionProperties) = preSolution
		HideSolutionNode = FALSE
	EndGlobalSection
	GlobalSection(ExtensibilityGlobals) = postSolution
		SolutionGuid = {84297D86-1D1F-427C-B6EA-91AB1A969D44}
	EndGlobalSection
EndGlobal
